// !$*UTF8*$!
{
	archiveVersion = 1;
	classes = {
	};
	objectVersion = 48;
	objects = {

/* Begin PBXBuildFile section */
		577852FF2117E33B008F285B /* AppDelegate.m in Sources */ = {isa = PBXBuildFile; fileRef = 577852FE2117E33B008F285B /* AppDelegate.m */; };
		577853022117E33B008F285B /* ViewController.m in Sources */ = {isa = PBXBuildFile; fileRef = 577853012117E33B008F285B /* ViewController.m */; };
		577853052117E33B008F285B /* Main.storyboard in Resources */ = {isa = PBXBuildFile; fileRef = 577853032117E33B008F285B /* Main.storyboard */; };
		577853072117E33C008F285B /* Assets.xcassets in Resources */ = {isa = PBXBuildFile; fileRef = 577853062117E33C008F285B /* Assets.xcassets */; };
		5778530A2117E33C008F285B /* LaunchScreen.storyboard in Resources */ = {isa = PBXBuildFile; fileRef = 577853082117E33C008F285B /* LaunchScreen.storyboard */; };
		5778530D2117E33C008F285B /* main.m in Sources */ = {isa = PBXBuildFile; fileRef = 5778530C2117E33C008F285B /* main.m */; };
		577853162117E3A4008F285B /* UIImage+LQExtension.m in Sources */ = {isa = PBXBuildFile; fileRef = 577853152117E3A4008F285B /* UIImage+LQExtension.m */; };
		577853192117EA43008F285B /* UILabel+LQExtension.m in Sources */ = {isa = PBXBuildFile; fileRef = 577853182117EA43008F285B /* UILabel+LQExtension.m */; };
		5778531C2117EADB008F285B /* UILabel+LQFont.m in Sources */ = {isa = PBXBuildFile; fileRef = 5778531B2117EADB008F285B /* UILabel+LQFont.m */; };
		5778531F2117ED51008F285B /* UIView+LQExtension.m in Sources */ = {isa = PBXBuildFile; fileRef = 5778531E2117ED51008F285B /* UIView+LQExtension.m */; };
		577853252117EE75008F285B /* NSString+LQPredicate.m in Sources */ = {isa = PBXBuildFile; fileRef = 577853242117EE75008F285B /* NSString+LQPredicate.m */; };
		577853282117EED7008F285B /* NSArray+LQExtension.m in Sources */ = {isa = PBXBuildFile; fileRef = 577853272117EED7008F285B /* NSArray+LQExtension.m */; };
		5778532B2117EEF3008F285B /* UIButton+LQExtension.m in Sources */ = {isa = PBXBuildFile; fileRef = 5778532A2117EEF3008F285B /* UIButton+LQExtension.m */; };
		5778532E2117EF9F008F285B /* NSDictionary+LQExtension.m in Sources */ = {isa = PBXBuildFile; fileRef = 5778532D2117EF9F008F285B /* NSDictionary+LQExtension.m */; };
		577853312117F04C008F285B /* UIColor+LQExtension.m in Sources */ = {isa = PBXBuildFile; fileRef = 577853302117F04C008F285B /* UIColor+LQExtension.m */; };
/* End PBXBuildFile section */

/* Begin PBXFileReference section */
		577852FA2117E33B008F285B /* ICategory.app */ = {isa = PBXFileReference; explicitFileType = wrapper.application; includeInIndex = 0; path = ICategory.app; sourceTree = BUILT_PRODUCTS_DIR; };
		577852FD2117E33B008F285B /* AppDelegate.h */ = {isa = PBXFileReference; lastKnownFileType = sourcecode.c.h; path = AppDelegate.h; sourceTree = "<group>"; };
		577852FE2117E33B008F285B /* AppDelegate.m */ = {isa = PBXFileReference; lastKnownFileType = sourcecode.c.objc; path = AppDelegate.m; sourceTree = "<group>"; };
		577853002117E33B008F285B /* ViewController.h */ = {isa = PBXFileReference; lastKnownFileType = sourcecode.c.h; path = ViewController.h; sourceTree = "<group>"; };
		577853012117E33B008F285B /* ViewController.m */ = {isa = PBXFileReference; lastKnownFileType = sourcecode.c.objc; path = ViewController.m; sourceTree = "<group>"; };
		577853042117E33B008F285B /* Base */ = {isa = PBXFileReference; lastKnownFileType = file.storyboard; name = Base; path = Base.lproj/Main.storyboard; sourceTree = "<group>"; };
		577853062117E33C008F285B /* Assets.xcassets */ = {isa = PBXFileReference; lastKnownFileType = folder.assetcatalog; path = Assets.xcassets; sourceTree = "<group>"; };
		577853092117E33C008F285B /* Base */ = {isa = PBXFileReference; lastKnownFileType = file.storyboard; name = Base; path = Base.lproj/LaunchScreen.storyboard; sourceTree = "<group>"; };
		5778530B2117E33C008F285B /* Info.plist */ = {isa = PBXFileReference; lastKnownFileType = text.plist.xml; path = Info.plist; sourceTree = "<group>"; };
		5778530C2117E33C008F285B /* main.m */ = {isa = PBXFileReference; lastKnownFileType = sourcecode.c.objc; path = main.m; sourceTree = "<group>"; };
		577853142117E3A4008F285B /* UIImage+LQExtension.h */ = {isa = PBXFileReference; lastKnownFileType = sourcecode.c.h; path = "UIImage+LQExtension.h"; sourceTree = "<group>"; };
		577853152117E3A4008F285B /* UIImage+LQExtension.m */ = {isa = PBXFileReference; lastKnownFileType = sourcecode.c.objc; path = "UIImage+LQExtension.m"; sourceTree = "<group>"; };
		577853172117EA43008F285B /* UILabel+LQExtension.h */ = {isa = PBXFileReference; lastKnownFileType = sourcecode.c.h; path = "UILabel+LQExtension.h"; sourceTree = "<group>"; };
		577853182117EA43008F285B /* UILabel+LQExtension.m */ = {isa = PBXFileReference; lastKnownFileType = sourcecode.c.objc; path = "UILabel+LQExtension.m"; sourceTree = "<group>"; };
		5778531A2117EADB008F285B /* UILabel+LQFont.h */ = {isa = PBXFileReference; lastKnownFileType = sourcecode.c.h; path = "UILabel+LQFont.h"; sourceTree = "<group>"; };
		5778531B2117EADB008F285B /* UILabel+LQFont.m */ = {isa = PBXFileReference; lastKnownFileType = sourcecode.c.objc; path = "UILabel+LQFont.m"; sourceTree = "<group>"; };
		5778531D2117ED51008F285B /* UIView+LQExtension.h */ = {isa = PBXFileReference; lastKnownFileType = sourcecode.c.h; path = "UIView+LQExtension.h"; sourceTree = "<group>"; };
		5778531E2117ED51008F285B /* UIView+LQExtension.m */ = {isa = PBXFileReference; lastKnownFileType = sourcecode.c.objc; path = "UIView+LQExtension.m"; sourceTree = "<group>"; };
		577853232117EE75008F285B /* NSString+LQPredicate.h */ = {isa = PBXFileReference; lastKnownFileType = sourcecode.c.h; path = "NSString+LQPredicate.h"; sourceTree = "<group>"; };
		577853242117EE75008F285B /* NSString+LQPredicate.m */ = {isa = PBXFileReference; lastKnownFileType = sourcecode.c.objc; path = "NSString+LQPredicate.m"; sourceTree = "<group>"; };
		577853262117EED7008F285B /* NSArray+LQExtension.h */ = {isa = PBXFileReference; lastKnownFileType = sourcecode.c.h; path = "NSArray+LQExtension.h"; sourceTree = "<group>"; };
		577853272117EED7008F285B /* NSArray+LQExtension.m */ = {isa = PBXFileReference; lastKnownFileType = sourcecode.c.objc; path = "NSArray+LQExtension.m"; sourceTree = "<group>"; };
		577853292117EEF3008F285B /* UIButton+LQExtension.h */ = {isa = PBXFileReference; lastKnownFileType = sourcecode.c.h; path = "UIButton+LQExtension.h"; sourceTree = "<group>"; };
		5778532A2117EEF3008F285B /* UIButton+LQExtension.m */ = {isa = PBXFileReference; lastKnownFileType = sourcecode.c.objc; path = "UIButton+LQExtension.m"; sourceTree = "<group>"; };
		5778532C2117EF9F008F285B /* NSDictionary+LQExtension.h */ = {isa = PBXFileReference; lastKnownFileType = sourcecode.c.h; path = "NSDictionary+LQExtension.h"; sourceTree = "<group>"; };
		5778532D2117EF9F008F285B /* NSDictionary+LQExtension.m */ = {isa = PBXFileReference; lastKnownFileType = sourcecode.c.objc; path = "NSDictionary+LQExtension.m"; sourceTree = "<group>"; };
		5778532F2117F04C008F285B /* UIColor+LQExtension.h */ = {isa = PBXFileReference; lastKnownFileType = sourcecode.c.h; path = "UIColor+LQExtension.h"; sourceTree = "<group>"; };
		577853302117F04C008F285B /* UIColor+LQExtension.m */ = {isa = PBXFileReference; lastKnownFileType = sourcecode.c.objc; path = "UIColor+LQExtension.m"; sourceTree = "<group>"; };
		577853322117F3DD008F285B /* ICategory.h */ = {isa = PBXFileReference; lastKnownFileType = sourcecode.c.h; path = ICategory.h; sourceTree = "<group>"; };
		577853332117F511008F285B /* LQDeviceInfo.h */ = {isa = PBXFileReference; lastKnownFileType = sourcecode.c.h; path = LQDeviceInfo.h; sourceTree = "<group>"; };
/* End PBXFileReference section */

/* Begin PBXFrameworksBuildPhase section */
		577852F72117E33B008F285B /* Frameworks */ = {
			isa = PBXFrameworksBuildPhase;
			buildActionMask = 2147483647;
			files = (
			);
			runOnlyForDeploymentPostprocessing = 0;
		};
/* End PBXFrameworksBuildPhase section */

/* Begin PBXGroup section */
		577852F12117E33B008F285B = {
			isa = PBXGroup;
			children = (
				577852FC2117E33B008F285B /* ICategory */,
				577852FB2117E33B008F285B /* Products */,
			);
			sourceTree = "<group>";
		};
		577852FB2117E33B008F285B /* Products */ = {
			isa = PBXGroup;
			children = (
				577852FA2117E33B008F285B /* ICategory.app */,
			);
			name = Products;
			sourceTree = "<group>";
		};
		577852FC2117E33B008F285B /* ICategory */ = {
			isa = PBXGroup;
			children = (
				577853132117E351008F285B /* Category */,
				577852FD2117E33B008F285B /* AppDelegate.h */,
				577852FE2117E33B008F285B /* AppDelegate.m */,
				577853002117E33B008F285B /* ViewController.h */,
				577853012117E33B008F285B /* ViewController.m */,
				577853032117E33B008F285B /* Main.storyboard */,
				577853062117E33C008F285B /* Assets.xcassets */,
				577853082117E33C008F285B /* LaunchScreen.storyboard */,
				5778530B2117E33C008F285B /* Info.plist */,
				5778530C2117E33C008F285B /* main.m */,
			);
			path = ICategory;
			sourceTree = "<group>";
		};
		577853132117E351008F285B /* Category */ = {
			isa = PBXGroup;
			children = (
				577853142117E3A4008F285B /* UIImage+LQExtension.h */,
				577853152117E3A4008F285B /* UIImage+LQExtension.m */,
				577853172117EA43008F285B /* UILabel+LQExtension.h */,
				577853182117EA43008F285B /* UILabel+LQExtension.m */,
				5778531A2117EADB008F285B /* UILabel+LQFont.h */,
				5778531B2117EADB008F285B /* UILabel+LQFont.m */,
				577853292117EEF3008F285B /* UIButton+LQExtension.h */,
				5778532A2117EEF3008F285B /* UIButton+LQExtension.m */,
				5778531D2117ED51008F285B /* UIView+LQExtension.h */,
				5778531E2117ED51008F285B /* UIView+LQExtension.m */,
				577853232117EE75008F285B /* NSString+LQPredicate.h */,
				577853242117EE75008F285B /* NSString+LQPredicate.m */,
				577853262117EED7008F285B /* NSArray+LQExtension.h */,
				577853272117EED7008F285B /* NSArray+LQExtension.m */,
				5778532C2117EF9F008F285B /* NSDictionary+LQExtension.h */,
				5778532D2117EF9F008F285B /* NSDictionary+LQExtension.m */,
				5778532F2117F04C008F285B /* UIColor+LQExtension.h */,
				577853302117F04C008F285B /* UIColor+LQExtension.m */,
				577853332117F511008F285B /* LQDeviceInfo.h */,
				577853322117F3DD008F285B /* ICategory.h */,
			);
			path = Category;
			sourceTree = "<group>";
		};
/* End PBXGroup section */

/* Begin PBXNativeTarget section */
		577852F92117E33B008F285B /* ICategory */ = {
			isa = PBXNativeTarget;
			buildConfigurationList = 577853102117E33C008F285B /* Build configuration list for PBXNativeTarget "ICategory" */;
			buildPhases = (
				577852F62117E33B008F285B /* Sources */,
				577852F72117E33B008F285B /* Frameworks */,
				577852F82117E33B008F285B /* Resources */,
			);
			buildRules = (
			);
			dependencies = (
			);
			name = ICategory;
			productName = ICategory;
			productReference = 577852FA2117E33B008F285B /* ICategory.app */;
			productType = "com.apple.product-type.application";
		};
/* End PBXNativeTarget section */

/* Begin PBXProject section */
		577852F22117E33B008F285B /* Project object */ = {
			isa = PBXProject;
			attributes = {
				LastUpgradeCheck = 0940;
				ORGANIZATIONNAME = iLeo;
				TargetAttributes = {
					577852F92117E33B008F285B = {
						CreatedOnToolsVersion = 9.4.1;
						ProvisioningStyle = Automatic;
					};
				};
			};
			buildConfigurationList = 577852F52117E33B008F285B /* Build configuration list for PBXProject "ICategory" */;
			compatibilityVersion = "Xcode 8.0";
			developmentRegion = en;
			hasScannedForEncodings = 0;
			knownRegions = (
				en,
				Base,
			);
			mainGroup = 577852F12117E33B008F285B;
			productRefGroup = 577852FB2117E33B008F285B /* Products */;
			projectDirPath = "";
			projectRoot = "";
			targets = (
				577852F92117E33B008F285B /* ICategory */,
			);
		};
/* End PBXProject section */

/* Begin PBXResourcesBuildPhase section */
		577852F82117E33B008F285B /* Resources */ = {
			isa = PBXResourcesBuildPhase;
			buildActionMask = 2147483647;
			files = (
				5778530A2117E33C008F285B /* LaunchScreen.storyboard in Resources */,
				577853072117E33C008F285B /* Assets.xcassets in Resources */,
				577853052117E33B008F285B /* Main.storyboard in Resources */,
			);
			runOnlyForDeploymentPostprocessing = 0;
		};
/* End PBXResourcesBuildPhase section */

/* Begin PBXSourcesBuildPhase section */
		577852F62117E33B008F285B /* Sources */ = {
			isa = PBXSourcesBuildPhase;
			buildActionMask = 2147483647;
			files = (
				577853022117E33B008F285B /* ViewController.m in Sources */,
				5778530D2117E33C008F285B /* main.m in Sources */,
				577853162117E3A4008F285B /* UIImage+LQExtension.m in Sources */,
				577853192117EA43008F285B /* UILabel+LQExtension.m in Sources */,
				5778532E2117EF9F008F285B /* NSDictionary+LQExtension.m in Sources */,
				5778531C2117EADB008F285B /* UILabel+LQFont.m in Sources */,
				5778532B2117EEF3008F285B /* UIButton+LQExtension.m in Sources */,
				577853252117EE75008F285B /* NSString+LQPredicate.m in Sources */,
				577852FF2117E33B008F285B /* AppDelegate.m in Sources */,
				5778531F2117ED51008F285B /* UIView+LQExtension.m in Sources */,
				577853312117F04C008F285B /* UIColor+LQExtension.m in Sources */,
				577853282117EED7008F285B /* NSArray+LQExtension.m in Sources */,
			);
			runOnlyForDeploymentPostprocessing = 0;
		};
/* End PBXSourcesBuildPhase section */

/* Begin PBXVariantGroup section */
		577853032117E33B008F285B /* Main.storyboard */ = {
			isa = PBXVariantGroup;
			children = (
				577853042117E33B008F285B /* Base */,
			);
			name = Main.storyboard;
			sourceTree = "<group>";
		};
		577853082117E33C008F285B /* LaunchScreen.storyboard */ = {
			isa = PBXVariantGroup;
			children = (
				577853092117E33C008F285B /* Base */,
			);
			name = LaunchScreen.storyboard;
			sourceTree = "<group>";
		};
/* End PBXVariantGroup section */

/* Begin XCBuildConfiguration section */
		5778530E2117E33C008F285B /* Debug */ = {
			isa = XCBuildConfiguration;
			buildSettings = {
				ALWAYS_SEARCH_USER_PATHS = NO;
				CLANG_ANALYZER_NONNULL = YES;
				CLANG_ANALYZER_NUMBER_OBJECT_CONVERSION = YES_AGGRESSIVE;
				CLANG_CXX_LANGUAGE_STANDARD = "gnu++14";
				CLANG_CXX_LIBRARY = "libc++";
				CLANG_ENABLE_MODULES = YES;
				CLANG_ENABLE_OBJC_ARC = YES;
				CLANG_ENABLE_OBJC_WEAK = YES;
				CLANG_WARN_BLOCK_CAPTURE_AUTORELEASING = YES;
				CLANG_WARN_BOOL_CONVERSION = YES;
				CLANG_WARN_COMMA = YES;
				CLANG_WARN_CONSTANT_CONVERSION = YES;
				CLANG_WARN_DEPRECATED_OBJC_IMPLEMENTATIONS = YES;
				CLANG_WARN_DIRECT_OBJC_ISA_USAGE = YES_ERROR;
				CLANG_WARN_DOCUMENTATION_COMMENTS = YES;
				CLANG_WARN_EMPTY_BODY = YES;
				CLANG_WARN_ENUM_CONVERSION = YES;
				CLANG_WARN_INFINITE_RECURSION = YES;
				CLANG_WARN_INT_CONVERSION = YES;
				CLANG_WARN_NON_LITERAL_NULL_CONVERSION = YES;
				CLANG_WARN_OBJC_IMPLICIT_RETAIN_SELF = YES;
				CLANG_WARN_OBJC_LITERAL_CONVERSION = YES;
				CLANG_WARN_OBJC_ROOT_CLASS = YES_ERROR;
				CLANG_WARN_RANGE_LOOP_ANALYSIS = YES;
				CLANG_WARN_STRICT_PROTOTYPES = YES;
				CLANG_WARN_SUSPICIOUS_MOVE = YES;
				CLANG_WARN_UNGUARDED_AVAILABILITY = YES_AGGRESSIVE;
				CLANG_WARN_UNREACHABLE_CODE = YES;
				CLANG_WARN__DUPLICATE_METHOD_MATCH = YES;
				CODE_SIGN_IDENTITY = "iPhone Developer";
				COPY_PHASE_STRIP = NO;
				DEBUG_INFORMATION_FORMAT = dwarf;
				ENABLE_STRICT_OBJC_MSGSEND = YES;
				ENABLE_TESTABILITY = YES;
				GCC_C_LANGUAGE_STANDARD = gnu11;
				GCC_DYNAMIC_NO_PIC = NO;
				GCC_NO_COMMON_BLOCKS = YES;
				GCC_OPTIMIZATION_LEVEL = 0;
				GCC_PREPROCESSOR_DEFINITIONS = (
					"DEBUG=1",
					"$(inherited)",
				);
				GCC_WARN_64_TO_32_BIT_CONVERSION = YES;
				GCC_WARN_ABOUT_RETURN_TYPE = YES_ERROR;
				GCC_WARN_UNDECLARED_SELECTOR = YES;
				GCC_WARN_UNINITIALIZED_AUTOS = YES_AGGRESSIVE;
				GCC_WARN_UNUSED_FUNCTION = YES;
				GCC_WARN_UNUSED_VARIABLE = YES;
				IPHONEOS_DEPLOYMENT_TARGET = 11.4;
				MTL_ENABLE_DEBUG_INFO = YES;
				ONLY_ACTIVE_ARCH = YES;
				SDKROOT = iphoneos;
			};
			name = Debug;
		};
		5778530F2117E33C008F285B /* Release */ = {
			isa = XCBuildConfiguration;
			buildSettings = {
				ALWAYS_SEARCH_USER_PATHS = NO;
				CLANG_ANALYZER_NONNULL = YES;
				CLANG_ANALYZER_NUMBER_OBJECT_CONVERSION = YES_AGGRESSIVE;
				CLANG_CXX_LANGUAGE_STANDARD = "gnu++14";
				CLANG_CXX_LIBRARY = "libc++";
				CLANG_ENABLE_MODULES = YES;
				CLANG_ENABLE_OBJC_ARC = YES;
				CLANG_ENABLE_OBJC_WEAK = YES;
				CLANG_WARN_BLOCK_CAPTURE_AUTORELEASING = YES;
				CLANG_WARN_BOOL_CONVERSION = YES;
				CLANG_WARN_COMMA = YES;
				CLANG_WARN_CONSTANT_CONVERSION = YES;
				CLANG_WARN_DEPRECATED_OBJC_IMPLEMENTATIONS = YES;
				CLANG_WARN_DIRECT_OBJC_ISA_USAGE = YES_ERROR;
				CLANG_WARN_DOCUMENTATION_COMMENTS = YES;
				CLANG_WARN_EMPTY_BODY = YES;
				CLANG_WARN_ENUM_CONVERSION = YES;
				CLANG_WARN_INFINITE_RECURSION = YES;
				CLANG_WARN_INT_CONVERSION = YES;
				CLANG_WARN_NON_LITERAL_NULL_CONVERSION = YES;
				CLANG_WARN_OBJC_IMPLICIT_RETAIN_SELF = YES;
				CLANG_WARN_OBJC_LITERAL_CONVERSION = YES;
				CLANG_WARN_OBJC_ROOT_CLASS = YES_ERROR;
				CLANG_WARN_RANGE_LOOP_ANALYSIS = YES;
				CLANG_WARN_STRICT_PROTOTYPES = YES;
				CLANG_WARN_SUSPICIOUS_MOVE = YES;
				CLANG_WARN_UNGUARDED_AVAILABILITY = YES_AGGRESSIVE;
				CLANG_WARN_UNREACHABLE_CODE = YES;
				CLANG_WARN__DUPLICATE_METHOD_MATCH = YES;
				CODE_SIGN_IDENTITY = "iPhone Developer";
				COPY_PHASE_STRIP = NO;
				DEBUG_INFORMATION_FORMAT = "dwarf-with-dsym";
				ENABLE_NS_ASSERTIONS = NO;
				ENABLE_STRICT_OBJC_MSGSEND = YES;
				GCC_C_LANGUAGE_STANDARD = gnu11;
				GCC_NO_COMMON_BLOCKS = YES;
				GCC_WARN_64_TO_32_BIT_CONVERSION = YES;
				GCC_WARN_ABOUT_RETURN_TYPE = YES_ERROR;
				GCC_WARN_UNDECLARED_SELECTOR = YES;
				GCC_WARN_UNINITIALIZED_AUTOS = YES_AGGRESSIVE;
				GCC_WARN_UNUSED_FUNCTION = YES;
				GCC_WARN_UNUSED_VARIABLE = YES;
				IPHONEOS_DEPLOYMENT_TARGET = 11.4;
				MTL_ENABLE_DEBUG_INFO = NO;
				SDKROOT = iphoneos;
				VALIDATE_PRODUCT = YES;
			};
			name = Release;
		};
		577853112117E33C008F285B /* Debug */ = {
			isa = XCBuildConfiguration;
			buildSettings = {
				ASSETCATALOG_COMPILER_APPICON_NAME = AppIcon;
				CODE_SIGN_STYLE = Automatic;
				DEVELOPMENT_TEAM = PMKX53H936;
				INFOPLIST_FILE = ICategory/Info.plist;
				LD_RUNPATH_SEARCH_PATHS = "$(inherited) @executable_path/Frameworks";
				PRODUCT_BUNDLE_IDENTIFIER = "com.itachi.-";
				PRODUCT_NAME = "$(TARGET_NAME)";
				TARGETED_DEVICE_FAMILY = "1,2";
			};
			name = Debug;
		};
		577853122117E33C008F285B /* Release */ = {
			isa = XCBuildConfiguration;
			buildSettings = {
				ASSETCATALOG_COMPILER_APPICON_NAME = AppIcon;
				CODE_SIGN_STYLE = Automatic;
				DEVELOPMENT_TEAM = PMKX53H936;
				INFOPLIST_FILE = ICategory/Info.plist;
				LD_RUNPATH_SEARCH_PATHS = "$(inherited) @executable_path/Frameworks";
				PRODUCT_BUNDLE_IDENTIFIER = "com.itachi.-";
				PRODUCT_NAME = "$(TARGET_NAME)";
				TARGETED_DEVICE_FAMILY = "1,2";
			};
			name = Release;
		};
/* End XCBuildConfiguration section */

/* Begin XCConfigurationList section */
		577852F52117E33B008F285B /* Build configuration list for PBXProject "ICategory" */ = {
			isa = XCConfigurationList;
			buildConfigurations = (
				5778530E2117E33C008F285B /* Debug */,
				5778530F2117E33C008F285B /* Release */,
			);
			defaultConfigurationIsVisible = 0;
			defaultConfigurationName = Release;
		};
		577853102117E33C008F285B /* Build configuration list for PBXNativeTarget "ICategory" */ = {
			isa = XCConfigurationList;
			buildConfigurations = (
				577853112117E33C008F285B /* Debug */,
				577853122117E33C008F285B /* Release */,
			);
			defaultConfigurationIsVisible = 0;
			defaultConfigurationName = Release;
		};
/* End XCConfigurationList section */
	};
	rootObject = 577852F22117E33B008F285B /* Project object */;
}
